Microsoft Visual Studio Solution File, Format Version 12.00
# Visual Studio Version 17
VisualStudioVersion = 17.5.2.0
MinimumVisualStudioVersion = 10.0.40219.1
Project("{FAE04EC0-301F-11D3-BF4B-00C04F79EFBC}") = "iDoublePress", "iDoublePress.csproj", "{5128B385-0B04-251F-2F29-B320FA030720}"
EndProject
Global
	GlobalSection(SolutionConfigurationPlatforms) = preSolution
		Debug|Any CPU = Debug|Any CPU
		Release|Any CPU = Release|Any CPU
	EndGlobalSection
	GlobalSection(ProjectConfigurationPlatforms) = postSolution
		{5128B385-0B04-251F-2F29-B320FA030720}.Debug|Any CPU.ActiveCfg = Debug|Any CPU
		{5128B385-0B04-251F-2F29-B320FA030720}.Debug|Any CPU.Build.0 = Debug|Any CPU
		{5128B385-0B04-251F-2F29-B320FA030720}.Release|Any CPU.ActiveCfg = Release|Any CPU
		{5128B385-0B04-251F-2F29-B320FA030720}.Release|Any CPU.Build.0 = Release|Any CPU
	EndGlobalSection
	GlobalSection(SolutionProperties) = preSolution
		HideSolutionNode = FALSE
	EndGlobalSection
	GlobalSection(ExtensibilityGlobals) = postSolution
		SolutionGuid = {021E634F-315D-4E01-AE15-D60D2D389005}
	EndGlobalSection
EndGlobal
